
Microsoft Visual Studio Solution File, Format Version 12.00
# Visual Studio Version 17
VisualStudioVersion = 17.5.002.0
MinimumVisualStudioVersion = 10.0.40219.1
Project("{9A19103F-16F7-4668-BE54-9A1E7A4F7556}") = "collegeTask_LP_Ap1", "collegeTask_LP_Ap1.csproj", "{4741B72A-3DAF-4968-A339-A2F191EA6B8E}"
EndProject
Global
	GlobalSection(SolutionConfigurationPlatforms) = preSolution
		Debug|Any CPU = Debug|Any CPU
		Release|Any CPU = Release|Any CPU
	EndGlobalSection
	GlobalSection(ProjectConfigurationPlatforms) = postSolution
		{4741B72A-3DAF-4968-A339-A2F191EA6B8E}.Debug|Any CPU.ActiveCfg = Debug|Any CPU
		{4741B72A-3DAF-4968-A339-A2F191EA6B8E}.Debug|Any CPU.Build.0 = Debug|Any CPU
		{4741B72A-3DAF-4968-A339-A2F191EA6B8E}.Release|Any CPU.ActiveCfg = Release|Any CPU
		{4741B72A-3DAF-4968-A339-A2F191EA6B8E}.Release|Any CPU.Build.0 = Release|Any CPU
	EndGlobalSection
	GlobalSection(SolutionProperties) = preSolution
		HideSolutionNode = FALSE
	EndGlobalSection
	GlobalSection(ExtensibilityGlobals) = postSolution
		SolutionGuid = {C14A550B-B585-4D65-A94B-259A95E089A3}
	EndGlobalSection
EndGlobal
